// !$*UTF8*$!
{
	archiveVersion = 1;
	classes = {
	};
	objectVersion = 55;
	objects = {

/* Begin PBXBuildFile section */
		182EDADD28313EF800AB011A /* Constants.swift in Sources */ = {isa = PBXBuildFile; fileRef = 182EDADC28313EF800AB011A /* Constants.swift */; };
		182EDADF2833700800AB011A /* Reachability.swift in Sources */ = {isa = PBXBuildFile; fileRef = 182EDADE2833700800AB011A /* Reachability.swift */; };
		1876A6DE282D0B4E0012A2F4 /* AppDelegate.swift in Sources */ = {isa = PBXBuildFile; fileRef = 1876A6DD282D0B4E0012A2F4 /* AppDelegate.swift */; };
		1876A6E0282D0B4F0012A2F4 /* SceneDelegate.swift in Sources */ = {isa = PBXBuildFile; fileRef = 1876A6DF282D0B4F0012A2F4 /* SceneDelegate.swift */; };
		1876A6E2282D0B4F0012A2F4 /* ViewController.swift in Sources */ = {isa = PBXBuildFile; fileRef = 1876A6E1282D0B4F0012A2F4 /* ViewController.swift */; };
		1876A6E5282D0B4F0012A2F4 /* Main.storyboard in Resources */ = {isa = PBXBuildFile; fileRef = 1876A6E3282D0B4F0012A2F4 /* Main.storyboard */; };
		1876A6E7282D0B500012A2F4 /* Assets.xcassets in Resources */ = {isa = PBXBuildFile; fileRef = 1876A6E6282D0B500012A2F4 /* Assets.xcassets */; };
		1876A6EA282D0B500012A2F4 /* LaunchScreen.storyboard in Resources */ = {isa = PBXBuildFile; fileRef = 1876A6E8282D0B500012A2F4 /* LaunchScreen.storyboard */; };
		1876A6F5282D0B500012A2F4 /* LawPavillionAppTests.swift in Sources */ = {isa = PBXBuildFile; fileRef = 1876A6F4282D0B500012A2F4 /* LawPavillionAppTests.swift */; };
		1876A6FF282D0B510012A2F4 /* LawPavillionAppUITests.swift in Sources */ = {isa = PBXBuildFile; fileRef = 1876A6FE282D0B510012A2F4 /* LawPavillionAppUITests.swift */; };
		1876A701282D0B510012A2F4 /* LawPavillionAppUITestsLaunchTests.swift in Sources */ = {isa = PBXBuildFile; fileRef = 1876A700282D0B510012A2F4 /* LawPavillionAppUITestsLaunchTests.swift */; };
		1876A711282D0C6C0012A2F4 /* Extensions.swift in Sources */ = {isa = PBXBuildFile; fileRef = 1876A710282D0C6C0012A2F4 /* Extensions.swift */; };
		1876A713282D19DF0012A2F4 /* HomeViewController.swift in Sources */ = {isa = PBXBuildFile; fileRef = 1876A712282D19DF0012A2F4 /* HomeViewController.swift */; };
		18E79D33282E7D49002A2B24 /* ResultsTableViewCell.swift in Sources */ = {isa = PBXBuildFile; fileRef = 18E79D32282E7D49002A2B24 /* ResultsTableViewCell.swift */; };
		18E79D38282E8804002A2B24 /* Poppins-Bold.ttf in Resources */ = {isa = PBXBuildFile; fileRef = 18E79D34282E8804002A2B24 /* Poppins-Bold.ttf */; };
		18E79D39282E8804002A2B24 /* Poppins-SemiBold.ttf in Resources */ = {isa = PBXBuildFile; fileRef = 18E79D35282E8804002A2B24 /* Poppins-SemiBold.ttf */; };
		18E79D3A282E8804002A2B24 /* Poppins-Regular.ttf in Resources */ = {isa = PBXBuildFile; fileRef = 18E79D36282E8804002A2B24 /* Poppins-Regular.ttf */; };
		18E79D3B282E8804002A2B24 /* Poppins-Light.ttf in Resources */ = {isa = PBXBuildFile; fileRef = 18E79D37282E8804002A2B24 /* Poppins-Light.ttf */; };
/* End PBXBuildFile section */

/* Begin PBXContainerItemProxy section */
		1876A6F1282D0B500012A2F4 /* PBXContainerItemProxy */ = {
			isa = PBXContainerItemProxy;
			containerPortal = 1876A6D2282D0B4E0012A2F4 /* Project object */;
			proxyType = 1;
			remoteGlobalIDString = 1876A6D9282D0B4E0012A2F4;
			remoteInfo = LawPavillionApp;
		};
		1876A6FB282D0B510012A2F4 /* PBXContainerItemProxy */ = {
			isa = PBXContainerItemProxy;
			containerPortal = 1876A6D2282D0B4E0012A2F4 /* Project object */;
			proxyType = 1;
			remoteGlobalIDString = 1876A6D9282D0B4E0012A2F4;
			remoteInfo = LawPavillionApp;
		};
/* End PBXContainerItemProxy section */

/* Begin PBXFileReference section */
		182EDADC28313EF800AB011A /* Constants.swift */ = {isa = PBXFileReference; lastKnownFileType = sourcecode.swift; path = Constants.swift; sourceTree = "<group>"; };
		182EDADE2833700800AB011A /* Reachability.swift */ = {isa = PBXFileReference; lastKnownFileType = sourcecode.swift; path = Reachability.swift; sourceTree = "<group>"; };
		1876A6DA282D0B4E0012A2F4 /* LawPavillionApp.app */ = {isa = PBXFileReference; explicitFileType = wrapper.application; includeInIndex = 0; path = LawPavillionApp.app; sourceTree = BUILT_PRODUCTS_DIR; };
		1876A6DD282D0B4E0012A2F4 /* AppDelegate.swift */ = {isa = PBXFileReference; lastKnownFileType = sourcecode.swift; path = AppDelegate.swift; sourceTree = "<group>"; };
		1876A6DF282D0B4F0012A2F4 /* SceneDelegate.swift */ = {isa = PBXFileReference; lastKnownFileType = sourcecode.swift; path = SceneDelegate.swift; sourceTree = "<group>"; };
		1876A6E1282D0B4F0012A2F4 /* ViewController.swift */ = {isa = PBXFileReference; lastKnownFileType = sourcecode.swift; path = ViewController.swift; sourceTree = "<group>"; };
		1876A6E4282D0B4F0012A2F4 /* Base */ = {isa = PBXFileReference; lastKnownFileType = file.storyboard; name = Base; path = Base.lproj/Main.storyboard; sourceTree = "<group>"; };
		1876A6E6282D0B500012A2F4 /* Assets.xcassets */ = {isa = PBXFileReference; lastKnownFileType = folder.assetcatalog; path = Assets.xcassets; sourceTree = "<group>"; };
		1876A6E9282D0B500012A2F4 /* Base */ = {isa = PBXFileReference; lastKnownFileType = file.storyboard; name = Base; path = Base.lproj/LaunchScreen.storyboard; sourceTree = "<group>"; };
		1876A6EB282D0B500012A2F4 /* Info.plist */ = {isa = PBXFileReference; lastKnownFileType = text.plist.xml; path = Info.plist; sourceTree = "<group>"; };
		1876A6F0282D0B500012A2F4 /* LawPavillionAppTests.xctest */ = {isa = PBXFileReference; explicitFileType = wrapper.cfbundle; includeInIndex = 0; path = LawPavillionAppTests.xctest; sourceTree = BUILT_PRODUCTS_DIR; };
		1876A6F4282D0B500012A2F4 /* LawPavillionAppTests.swift */ = {isa = PBXFileReference; lastKnownFileType = sourcecode.swift; path = LawPavillionAppTests.swift; sourceTree = "<group>"; };
		1876A6FA282D0B510012A2F4 /* LawPavillionAppUITests.xctest */ = {isa = PBXFileReference; explicitFileType = wrapper.cfbundle; includeInIndex = 0; path = LawPavillionAppUITests.xctest; sourceTree = BUILT_PRODUCTS_DIR; };
		1876A6FE282D0B510012A2F4 /* LawPavillionAppUITests.swift */ = {isa = PBXFileReference; lastKnownFileType = sourcecode.swift; path = LawPavillionAppUITests.swift; sourceTree = "<group>"; };
		1876A700282D0B510012A2F4 /* LawPavillionAppUITestsLaunchTests.swift */ = {isa = PBXFileReference; lastKnownFileType = sourcecode.swift; path = LawPavillionAppUITestsLaunchTests.swift; sourceTree = "<group>"; };
		1876A710282D0C6C0012A2F4 /* Extensions.swift */ = {isa = PBXFileReference; lastKnownFileType = sourcecode.swift; path = Extensions.swift; sourceTree = "<group>"; };
		1876A712282D19DF0012A2F4 /* HomeViewController.swift */ = {isa = PBXFileReference; lastKnownFileType = sourcecode.swift; path = HomeViewController.swift; sourceTree = "<group>"; };
		18E79D32282E7D49002A2B24 /* ResultsTableViewCell.swift */ = {isa = PBXFileReference; lastKnownFileType = sourcecode.swift; path = ResultsTableViewCell.swift; sourceTree = "<group>"; };
		18E79D34282E8804002A2B24 /* Poppins-Bold.ttf */ = {isa = PBXFileReference; lastKnownFileType = file; name = "Poppins-Bold.ttf"; path = "../../../Downloads/Poppins/Poppins-Bold.ttf"; sourceTree = "<group>"; };
		18E79D35282E8804002A2B24 /* Poppins-SemiBold.ttf */ = {isa = PBXFileReference; lastKnownFileType = file; name = "Poppins-SemiBold.ttf"; path = "../../../Downloads/Poppins/Poppins-SemiBold.ttf"; sourceTree = "<group>"; };
		18E79D36282E8804002A2B24 /* Poppins-Regular.ttf */ = {isa = PBXFileReference; lastKnownFileType = file; name = "Poppins-Regular.ttf"; path = "../../../Downloads/Poppins/Poppins-Regular.ttf"; sourceTree = "<group>"; };
		18E79D37282E8804002A2B24 /* Poppins-Light.ttf */ = {isa = PBXFileReference; lastKnownFileType = file; name = "Poppins-Light.ttf"; path = "../../../Downloads/Poppins/Poppins-Light.ttf"; sourceTree = "<group>"; };
/* End PBXFileReference section */

/* Begin PBXFrameworksBuildPhase section */
		1876A6D7282D0B4E0012A2F4 /* Frameworks */ = {
			isa = PBXFrameworksBuildPhase;
			buildActionMask = 2147483647;
			files = (
			);
			runOnlyForDeploymentPostprocessing = 0;
		};
		1876A6ED282D0B500012A2F4 /* Frameworks */ = {
			isa = PBXFrameworksBuildPhase;
			buildActionMask = 2147483647;
			files = (
			);
			runOnlyForDeploymentPostprocessing = 0;
		};
		1876A6F7282D0B510012A2F4 /* Frameworks */ = {
			isa = PBXFrameworksBuildPhase;
			buildActionMask = 2147483647;
			files = (
			);
			runOnlyForDeploymentPostprocessing = 0;
		};
/* End PBXFrameworksBuildPhase section */

/* Begin PBXGroup section */
		1876A6D1282D0B4E0012A2F4 = {
			isa = PBXGroup;
			children = (
				1876A6DC282D0B4E0012A2F4 /* LawPavillionApp */,
				1876A6F3282D0B500012A2F4 /* LawPavillionAppTests */,
				1876A6FD282D0B510012A2F4 /* LawPavillionAppUITests */,
				1876A6DB282D0B4E0012A2F4 /* Products */,
			);
			sourceTree = "<group>";
		};
		1876A6DB282D0B4E0012A2F4 /* Products */ = {
			isa = PBXGroup;
			children = (
				1876A6DA282D0B4E0012A2F4 /* LawPavillionApp.app */,
				1876A6F0282D0B500012A2F4 /* LawPavillionAppTests.xctest */,
				1876A6FA282D0B510012A2F4 /* LawPavillionAppUITests.xctest */,
			);
			name = Products;
			sourceTree = "<group>";
		};
		1876A6DC282D0B4E0012A2F4 /* LawPavillionApp */ = {
			isa = PBXGroup;
			children = (
				18E79D34282E8804002A2B24 /* Poppins-Bold.ttf */,
				18E79D37282E8804002A2B24 /* Poppins-Light.ttf */,
				18E79D36282E8804002A2B24 /* Poppins-Regular.ttf */,
				18E79D35282E8804002A2B24 /* Poppins-SemiBold.ttf */,
				18E79D31282E7D14002A2B24 /* TableViewCells */,
				1876A70F282D0C4A0012A2F4 /* Miscellaneous */,
				1876A70D282D0B940012A2F4 /* Controllers */,
				1876A6DD282D0B4E0012A2F4 /* AppDelegate.swift */,
				1876A6DF282D0B4F0012A2F4 /* SceneDelegate.swift */,
				1876A6E3282D0B4F0012A2F4 /* Main.storyboard */,
				1876A6E6282D0B500012A2F4 /* Assets.xcassets */,
				1876A6E8282D0B500012A2F4 /* LaunchScreen.storyboard */,
				1876A6EB282D0B500012A2F4 /* Info.plist */,
			);
			path = LawPavillionApp;
			sourceTree = "<group>";
		};
		1876A6F3282D0B500012A2F4 /* LawPavillionAppTests */ = {
			isa = PBXGroup;
			children = (
				1876A6F4282D0B500012A2F4 /* LawPavillionAppTests.swift */,
			);
			path = LawPavillionAppTests;
			sourceTree = "<group>";
		};
		1876A6FD282D0B510012A2F4 /* LawPavillionAppUITests */ = {
			isa = PBXGroup;
			children = (
				1876A6FE282D0B510012A2F4 /* LawPavillionAppUITests.swift */,
				1876A700282D0B510012A2F4 /* LawPavillionAppUITestsLaunchTests.swift */,
			);
			path = LawPavillionAppUITests;
			sourceTree = "<group>";
		};
		1876A70D282D0B940012A2F4 /* Controllers */ = {
			isa = PBXGroup;
			children = (
				1876A6E1282D0B4F0012A2F4 /* ViewController.swift */,
				1876A712282D19DF0012A2F4 /* HomeViewController.swift */,
			);
			path = Controllers;
			sourceTree = "<group>";
		};
		1876A70F282D0C4A0012A2F4 /* Miscellaneous */ = {
			isa = PBXGroup;
			children = (
				1876A710282D0C6C0012A2F4 /* Extensions.swift */,
				182EDADC28313EF800AB011A /* Constants.swift */,
				182EDADE2833700800AB011A /* Reachability.swift */,
			);
			path = Miscellaneous;
			sourceTree = "<group>";
		};
		18E79D31282E7D14002A2B24 /* TableViewCells */ = {
			isa = PBXGroup;
			children = (
				18E79D32282E7D49002A2B24 /* ResultsTableViewCell.swift */,
			);
			path = TableViewCells;
			sourceTree = "<group>";
		};
/* End PBXGroup section */

/* Begin PBXNativeTarget section */
		1876A6D9282D0B4E0012A2F4 /* LawPavillionApp */ = {
			isa = PBXNativeTarget;
			buildConfigurationList = 1876A704282D0B510012A2F4 /* Build configuration list for PBXNativeTarget "LawPavillionApp" */;
			buildPhases = (
				1876A6D6282D0B4E0012A2F4 /* Sources */,
				1876A6D7282D0B4E0012A2F4 /* Frameworks */,
				1876A6D8282D0B4E0012A2F4 /* Resources */,
			);
			buildRules = (
			);
			dependencies = (
			);
			name = LawPavillionApp;
			productName = LawPavillionApp;
			productReference = 1876A6DA282D0B4E0012A2F4 /* LawPavillionApp.app */;
			productType = "com.apple.product-type.application";
		};
		1876A6EF282D0B500012A2F4 /* LawPavillionAppTests */ = {
			isa = PBXNativeTarget;
			buildConfigurationList = 1876A707282D0B510012A2F4 /* Build configuration list for PBXNativeTarget "LawPavillionAppTests" */;
			buildPhases = (
				1876A6EC282D0B500012A2F4 /* Sources */,
				1876A6ED282D0B500012A2F4 /* Frameworks */,
				1876A6EE282D0B500012A2F4 /* Resources */,
			);
			buildRules = (
			);
			dependencies = (
				1876A6F2282D0B500012A2F4 /* PBXTargetDependency */,
			);
			name = LawPavillionAppTests;
			productName = LawPavillionAppTests;
			productReference = 1876A6F0282D0B500012A2F4 /* LawPavillionAppTests.xctest */;
			productType = "com.apple.product-type.bundle.unit-test";
		};
		1876A6F9282D0B510012A2F4 /* LawPavillionAppUITests */ = {
			isa = PBXNativeTarget;
			buildConfigurationList = 1876A70A282D0B510012A2F4 /* Build configuration list for PBXNativeTarget "LawPavillionAppUITests" */;
			buildPhases = (
				1876A6F6282D0B510012A2F4 /* Sources */,
				1876A6F7282D0B510012A2F4 /* Frameworks */,
				1876A6F8282D0B510012A2F4 /* Resources */,
			);
			buildRules = (
			);
			dependencies = (
				1876A6FC282D0B510012A2F4 /* PBXTargetDependency */,
			);
			name = LawPavillionAppUITests;
			productName = LawPavillionAppUITests;
			productReference = 1876A6FA282D0B510012A2F4 /* LawPavillionAppUITests.xctest */;
			productType = "com.apple.product-type.bundle.ui-testing";
		};
/* End PBXNativeTarget section */

/* Begin PBXProject section */
		1876A6D2282D0B4E0012A2F4 /* Project object */ = {
			isa = PBXProject;
			attributes = {
				BuildIndependentTargetsInParallel = 1;
				LastSwiftUpdateCheck = 1320;
				LastUpgradeCheck = 1320;
				TargetAttributes = {
					1876A6D9282D0B4E0012A2F4 = {
						CreatedOnToolsVersion = 13.2.1;
					};
					1876A6EF282D0B500012A2F4 = {
						CreatedOnToolsVersion = 13.2.1;
						TestTargetID = 1876A6D9282D0B4E0012A2F4;
					};
					1876A6F9282D0B510012A2F4 = {
						CreatedOnToolsVersion = 13.2.1;
						TestTargetID = 1876A6D9282D0B4E0012A2F4;
					};
				};
			};
			buildConfigurationList = 1876A6D5282D0B4E0012A2F4 /* Build configuration list for PBXProject "LawPavillionApp" */;
			compatibilityVersion = "Xcode 13.0";
			developmentRegion = en;
			hasScannedForEncodings = 0;
			knownRegions = (
				en,
				Base,
			);
			mainGroup = 1876A6D1282D0B4E0012A2F4;
			productRefGroup = 1876A6DB282D0B4E0012A2F4 /* Products */;
			projectDirPath = "";
			projectRoot = "";
			targets = (
				1876A6D9282D0B4E0012A2F4 /* LawPavillionApp */,
				1876A6EF282D0B500012A2F4 /* LawPavillionAppTests */,
				1876A6F9282D0B510012A2F4 /* LawPavillionAppUITests */,
			);
		};
/* End PBXProject section */

/* Begin PBXResourcesBuildPhase section */
		1876A6D8282D0B4E0012A2F4 /* Resources */ = {
			isa = PBXResourcesBuildPhase;
			buildActionMask = 2147483647;
			files = (
				18E79D3B282E8804002A2B24 /* Poppins-Light.ttf in Resources */,
				18E79D39282E8804002A2B24 /* Poppins-SemiBold.ttf in Resources */,
				1876A6EA282D0B500012A2F4 /* LaunchScreen.storyboard in Resources */,
				1876A6E7282D0B500012A2F4 /* Assets.xcassets in Resources */,
				18E79D3A282E8804002A2B24 /* Poppins-Regular.ttf in Resources */,
				1876A6E5282D0B4F0012A2F4 /* Main.storyboard in Resources */,
				18E79D38282E8804002A2B24 /* Poppins-Bold.ttf in Resources */,
			);
			runOnlyForDeploymentPostprocessing = 0;
		};
		1876A6EE282D0B500012A2F4 /* Resources */ = {
			isa = PBXResourcesBuildPhase;
			buildActionMask = 2147483647;
			files = (
			);
			runOnlyForDeploymentPostprocessing = 0;
		};
		1876A6F8282D0B510012A2F4 /* Resources */ = {
			isa = PBXResourcesBuildPhase;
			buildActionMask = 2147483647;
			files = (
			);
			runOnlyForDeploymentPostprocessing = 0;
		};
/* End PBXResourcesBuildPhase section */

/* Begin PBXSourcesBuildPhase section */
		1876A6D6282D0B4E0012A2F4 /* Sources */ = {
			isa = PBXSourcesBuildPhase;
			buildActionMask = 2147483647;
			files = (
				1876A713282D19DF0012A2F4 /* HomeViewController.swift in Sources */,
				1876A6E2282D0B4F0012A2F4 /* ViewController.swift in Sources */,
				18E79D33282E7D49002A2B24 /* ResultsTableViewCell.swift in Sources */,
				1876A6DE282D0B4E0012A2F4 /* AppDelegate.swift in Sources */,
				182EDADD28313EF800AB011A /* Constants.swift in Sources */,
				1876A6E0282D0B4F0012A2F4 /* SceneDelegate.swift in Sources */,
				182EDADF2833700800AB011A /* Reachability.swift in Sources */,
				1876A711282D0C6C0012A2F4 /* Extensions.swift in Sources */,
			);
			runOnlyForDeploymentPostprocessing = 0;
		};
		1876A6EC282D0B500012A2F4 /* Sources */ = {
			isa = PBXSourcesBuildPhase;
			buildActionMask = 2147483647;
			files = (
				1876A6F5282D0B500012A2F4 /* LawPavillionAppTests.swift in Sources */,
			);
			runOnlyForDeploymentPostprocessing = 0;
		};
		1876A6F6282D0B510012A2F4 /* Sources */ = {
			isa = PBXSourcesBuildPhase;
			buildActionMask = 2147483647;
			files = (
				1876A701282D0B510012A2F4 /* LawPavillionAppUITestsLaunchTests.swift in Sources */,
				1876A6FF282D0B510012A2F4 /* LawPavillionAppUITests.swift in Sources */,
			);
			runOnlyForDeploymentPostprocessing = 0;
		};
/* End PBXSourcesBuildPhase section */

/* Begin PBXTargetDependency section */
		1876A6F2282D0B500012A2F4 /* PBXTargetDependency */ = {
			isa = PBXTargetDependency;
			target = 1876A6D9282D0B4E0012A2F4 /* LawPavillionApp */;
			targetProxy = 1876A6F1282D0B500012A2F4 /* PBXContainerItemProxy */;
		};
		1876A6FC282D0B510012A2F4 /* PBXTargetDependency */ = {
			isa = PBXTargetDependency;
			target = 1876A6D9282D0B4E0012A2F4 /* LawPavillionApp */;
			targetProxy = 1876A6FB282D0B510012A2F4 /* PBXContainerItemProxy */;
		};
/* End PBXTargetDependency section */

/* Begin PBXVariantGroup section */
		1876A6E3282D0B4F0012A2F4 /* Main.storyboard */ = {
			isa = PBXVariantGroup;
			children = (
				1876A6E4282D0B4F0012A2F4 /* Base */,
			);
			name = Main.storyboard;
			sourceTree = "<group>";
		};
		1876A6E8282D0B500012A2F4 /* LaunchScreen.storyboard */ = {
			isa = PBXVariantGroup;
			children = (
				1876A6E9282D0B500012A2F4 /* Base */,
			);
			name = LaunchScreen.storyboard;
			sourceTree = "<group>";
		};
/* End PBXVariantGroup section */

/* Begin XCBuildConfiguration section */
		1876A702282D0B510012A2F4 /* Debug */ = {
			isa = XCBuildConfiguration;
			buildSettings = {
				ALWAYS_SEARCH_USER_PATHS = NO;
				CLANG_ANALYZER_NONNULL = YES;
				CLANG_ANALYZER_NUMBER_OBJECT_CONVERSION = YES_AGGRESSIVE;
				CLANG_CXX_LANGUAGE_STANDARD = "gnu++17";
				CLANG_CXX_LIBRARY = "libc++";
				CLANG_ENABLE_MODULES = YES;
				CLANG_ENABLE_OBJC_ARC = YES;
				CLANG_ENABLE_OBJC_WEAK = YES;
				CLANG_WARN_BLOCK_CAPTURE_AUTORELEASING = YES;
				CLANG_WARN_BOOL_CONVERSION = YES;
				CLANG_WARN_COMMA = YES;
				CLANG_WARN_CONSTANT_CONVERSION = YES;
				CLANG_WARN_DEPRECATED_OBJC_IMPLEMENTATIONS = YES;
				CLANG_WARN_DIRECT_OBJC_ISA_USAGE = YES_ERROR;
				CLANG_WARN_DOCUMENTATION_COMMENTS = YES;
				CLANG_WARN_EMPTY_BODY = YES;
				CLANG_WARN_ENUM_CONVERSION = YES;
				CLANG_WARN_INFINITE_RECURSION = YES;
				CLANG_WARN_INT_CONVERSION = YES;
				CLANG_WARN_NON_LITERAL_NULL_CONVERSION = YES;
				CLANG_WARN_OBJC_IMPLICIT_RETAIN_SELF = YES;
				CLANG_WARN_OBJC_LITERAL_CONVERSION = YES;
				CLANG_WARN_OBJC_ROOT_CLASS = YES_ERROR;
				CLANG_WARN_QUOTED_INCLUDE_IN_FRAMEWORK_HEADER = YES;
				CLANG_WARN_RANGE_LOOP_ANALYSIS = YES;
				CLANG_WARN_STRICT_PROTOTYPES = YES;
				CLANG_WARN_SUSPICIOUS_MOVE = YES;
				CLANG_WARN_UNGUARDED_AVAILABILITY = YES_AGGRESSIVE;
				CLANG_WARN_UNREACHABLE_CODE = YES;
				CLANG_WARN__DUPLICATE_METHOD_MATCH = YES;
				COPY_PHASE_STRIP = NO;
				DEBUG_INFORMATION_FORMAT = dwarf;
				ENABLE_STRICT_OBJC_MSGSEND = YES;
				ENABLE_TESTABILITY = YES;
				GCC_C_LANGUAGE_STANDARD = gnu11;
				GCC_DYNAMIC_NO_PIC = NO;
				GCC_NO_COMMON_BLOCKS = YES;
				GCC_OPTIMIZATION_LEVEL = 0;
				GCC_PREPROCESSOR_DEFINITIONS = (
					"DEBUG=1",
					"$(inherited)",
				);
				GCC_WARN_64_TO_32_BIT_CONVERSION = YES;
				GCC_WARN_ABOUT_RETURN_TYPE = YES_ERROR;
				GCC_WARN_UNDECLARED_SELECTOR = YES;
				GCC_WARN_UNINITIALIZED_AUTOS = YES_AGGRESSIVE;
				GCC_WARN_UNUSED_FUNCTION = YES;
				GCC_WARN_UNUSED_VARIABLE = YES;
				IPHONEOS_DEPLOYMENT_TARGET = 15.2;
				MTL_ENABLE_DEBUG_INFO = INCLUDE_SOURCE;
				MTL_FAST_MATH = YES;
				ONLY_ACTIVE_ARCH = YES;
				SDKROOT = iphoneos;
				SWIFT_ACTIVE_COMPILATION_CONDITIONS = DEBUG;
				SWIFT_OPTIMIZATION_LEVEL = "-Onone";
			};
			name = Debug;
		};
		1876A703282D0B510012A2F4 /* Release */ = {
			isa = XCBuildConfiguration;
			buildSettings = {
				ALWAYS_SEARCH_USER_PATHS = NO;
				CLANG_ANALYZER_NONNULL = YES;
				CLANG_ANALYZER_NUMBER_OBJECT_CONVERSION = YES_AGGRESSIVE;
				CLANG_CXX_LANGUAGE_STANDARD = "gnu++17";
				CLANG_CXX_LIBRARY = "libc++";
				CLANG_ENABLE_MODULES = YES;
				CLANG_ENABLE_OBJC_ARC = YES;
				CLANG_ENABLE_OBJC_WEAK = YES;
				CLANG_WARN_BLOCK_CAPTURE_AUTORELEASING = YES;
				CLANG_WARN_BOOL_CONVERSION = YES;
				CLANG_WARN_COMMA = YES;
				CLANG_WARN_CONSTANT_CONVERSION = YES;
				CLANG_WARN_DEPRECATED_OBJC_IMPLEMENTATIONS = YES;
				CLANG_WARN_DIRECT_OBJC_ISA_USAGE = YES_ERROR;
				CLANG_WARN_DOCUMENTATION_COMMENTS = YES;
				CLANG_WARN_EMPTY_BODY = YES;
				CLANG_WARN_ENUM_CONVERSION = YES;
				CLANG_WARN_INFINITE_RECURSION = YES;
				CLANG_WARN_INT_CONVERSION = YES;
				CLANG_WARN_NON_LITERAL_NULL_CONVERSION = YES;
				CLANG_WARN_OBJC_IMPLICIT_RETAIN_SELF = YES;
				CLANG_WARN_OBJC_LITERAL_CONVERSION = YES;
				CLANG_WARN_OBJC_ROOT_CLASS = YES_ERROR;
				CLANG_WARN_QUOTED_INCLUDE_IN_FRAMEWORK_HEADER = YES;
				CLANG_WARN_RANGE_LOOP_ANALYSIS = YES;
				CLANG_WARN_STRICT_PROTOTYPES = YES;
				CLANG_WARN_SUSPICIOUS_MOVE = YES;
				CLANG_WARN_UNGUARDED_AVAILABILITY = YES_AGGRESSIVE;
				CLANG_WARN_UNREACHABLE_CODE = YES;
				CLANG_WARN__DUPLICATE_METHOD_MATCH = YES;
				COPY_PHASE_STRIP = NO;
				DEBUG_INFORMATION_FORMAT = "dwarf-with-dsym";
				ENABLE_NS_ASSERTIONS = NO;
				ENABLE_STRICT_OBJC_MSGSEND = YES;
				GCC_C_LANGUAGE_STANDARD = gnu11;
				GCC_NO_COMMON_BLOCKS = YES;
				GCC_WARN_64_TO_32_BIT_CONVERSION = YES;
				GCC_WARN_ABOUT_RETURN_TYPE = YES_ERROR;
				GCC_WARN_UNDECLARED_SELECTOR = YES;
				GCC_WARN_UNINITIALIZED_AUTOS = YES_AGGRESSIVE;
				GCC_WARN_UNUSED_FUNCTION = YES;
				GCC_WARN_UNUSED_VARIABLE = YES;
				IPHONEOS_DEPLOYMENT_TARGET = 15.2;
				MTL_ENABLE_DEBUG_INFO = NO;
				MTL_FAST_MATH = YES;
				SDKROOT = iphoneos;
				SWIFT_COMPILATION_MODE = wholemodule;
				SWIFT_OPTIMIZATION_LEVEL = "-O";
				VALIDATE_PRODUCT = YES;
			};
			name = Release;
		};
		1876A705282D0B510012A2F4 /* Debug */ = {
			isa = XCBuildConfiguration;
			buildSettings = {
				ASSETCATALOG_COMPILER_APPICON_NAME = AppIcon;
				ASSETCATALOG_COMPILER_GLOBAL_ACCENT_COLOR_NAME = AccentColor;
				CODE_SIGN_STYLE = Automatic;
				CURRENT_PROJECT_VERSION = 1;
				GENERATE_INFOPLIST_FILE = YES;
				INFOPLIST_FILE = LawPavillionApp/Info.plist;
				INFOPLIST_KEY_UIApplicationSupportsIndirectInputEvents = YES;
				INFOPLIST_KEY_UILaunchStoryboardName = LaunchScreen;
				INFOPLIST_KEY_UIMainStoryboardFile = Main;
				INFOPLIST_KEY_UISupportedInterfaceOrientations_iPad = "UIInterfaceOrientationPortrait UIInterfaceOrientationPortraitUpsideDown UIInterfaceOrientationLandscapeLeft UIInterfaceOrientationLandscapeRight";
				INFOPLIST_KEY_UISupportedInterfaceOrientations_iPhone = "UIInterfaceOrientationPortrait UIInterfaceOrientationLandscapeLeft UIInterfaceOrientationLandscapeRight";
				IPHONEOS_DEPLOYMENT_TARGET = 14.0;
				LD_RUNPATH_SEARCH_PATHS = (
					"$(inherited)",
					"@executable_path/Frameworks",
				);
				MARKETING_VERSION = 1.0;
				PRODUCT_BUNDLE_IDENTIFIER = com.LawPavillion.LawPavillionApp;
				PRODUCT_NAME = "$(TARGET_NAME)";
				SWIFT_EMIT_LOC_STRINGS = YES;
				SWIFT_VERSION = 5.0;
				TARGETED_DEVICE_FAMILY = "1,2";
			};
			name = Debug;
		};
		1876A706282D0B510012A2F4 /* Release */ = {
			isa = XCBuildConfiguration;
			buildSettings = {
				ASSETCATALOG_COMPILER_APPICON_NAME = AppIcon;
				ASSETCATALOG_COMPILER_GLOBAL_ACCENT_COLOR_NAME = AccentColor;
				CODE_SIGN_STYLE = Automatic;
				CURRENT_PROJECT_VERSION = 1;
				GENERATE_INFOPLIST_FILE = YES;
				INFOPLIST_FILE = LawPavillionApp/Info.plist;
				INFOPLIST_KEY_UIApplicationSupportsIndirectInputEvents = YES;
				INFOPLIST_KEY_UILaunchStoryboardName = LaunchScreen;
				INFOPLIST_KEY_UIMainStoryboardFile = Main;
				INFOPLIST_KEY_UISupportedInterfaceOrientations_iPad = "UIInterfaceOrientationPortrait UIInterfaceOrientationPortraitUpsideDown UIInterfaceOrientationLandscapeLeft UIInterfaceOrientationLandscapeRight";
				INFOPLIST_KEY_UISupportedInterfaceOrientations_iPhone = "UIInterfaceOrientationPortrait UIInterfaceOrientationLandscapeLeft UIInterfaceOrientationLandscapeRight";
				IPHONEOS_DEPLOYMENT_TARGET = 14.0;
				LD_RUNPATH_SEARCH_PATHS = (
					"$(inherited)",
					"@executable_path/Frameworks",
				);
				MARKETING_VERSION = 1.0;
				PRODUCT_BUNDLE_IDENTIFIER = com.LawPavillion.LawPavillionApp;
				PRODUCT_NAME = "$(TARGET_NAME)";
				SWIFT_EMIT_LOC_STRINGS = YES;
				SWIFT_VERSION = 5.0;
				TARGETED_DEVICE_FAMILY = "1,2";
			};
			name = Release;
		};
		1876A708282D0B510012A2F4 /* Debug */ = {
			isa = XCBuildConfiguration;
			buildSettings = {
				ALWAYS_EMBED_SWIFT_STANDARD_LIBRARIES = YES;
				BUNDLE_LOADER = "$(TEST_HOST)";
				CODE_SIGN_STYLE = Automatic;
				CURRENT_PROJECT_VERSION = 1;
				GENERATE_INFOPLIST_FILE = YES;
				IPHONEOS_DEPLOYMENT_TARGET = 15.2;
				MARKETING_VERSION = 1.0;
				PRODUCT_BUNDLE_IDENTIFIER = com.LawPavillion.LawPavillionAppTests;
				PRODUCT_NAME = "$(TARGET_NAME)";
				SWIFT_EMIT_LOC_STRINGS = NO;
				SWIFT_VERSION = 5.0;
				TARGETED_DEVICE_FAMILY = "1,2";
				TEST_HOST = "$(BUILT_PRODUCTS_DIR)/LawPavillionApp.app/LawPavillionApp";
			};
			name = Debug;
		};
		1876A709282D0B510012A2F4 /* Release */ = {
			isa = XCBuildConfiguration;
			buildSettings = {
				ALWAYS_EMBED_SWIFT_STANDARD_LIBRARIES = YES;
				BUNDLE_LOADER = "$(TEST_HOST)";
				CODE_SIGN_STYLE = Automatic;
				CURRENT_PROJECT_VERSION = 1;
				GENERATE_INFOPLIST_FILE = YES;
				IPHONEOS_DEPLOYMENT_TARGET = 15.2;
				MARKETING_VERSION = 1.0;
				PRODUCT_BUNDLE_IDENTIFIER = com.LawPavillion.LawPavillionAppTests;
				PRODUCT_NAME = "$(TARGET_NAME)";
				SWIFT_EMIT_LOC_STRINGS = NO;
				SWIFT_VERSION = 5.0;
				TARGETED_DEVICE_FAMILY = "1,2";
				TEST_HOST = "$(BUILT_PRODUCTS_DIR)/LawPavillionApp.app/LawPavillionApp";
			};
			name = Release;
		};
		1876A70B282D0B510012A2F4 /* Debug */ = {
			isa = XCBuildConfiguration;
			buildSettings = {
				ALWAYS_EMBED_SWIFT_STANDARD_LIBRARIES = YES;
				CODE_SIGN_STYLE = Automatic;
				CURRENT_PROJECT_VERSION = 1;
				GENERATE_INFOPLIST_FILE = YES;
				MARKETING_VERSION = 1.0;
				PRODUCT_BUNDLE_IDENTIFIER = com.LawPavillion.LawPavillionAppUITests;
				PRODUCT_NAME = "$(TARGET_NAME)";
				SWIFT_EMIT_LOC_STRINGS = NO;
				SWIFT_VERSION = 5.0;
				TARGETED_DEVICE_FAMILY = "1,2";
				TEST_TARGET_NAME = LawPavillionApp;
			};
			name = Debug;
		};
		1876A70C282D0B510012A2F4 /* Release */ = {
			isa = XCBuildConfiguration;
			buildSettings = {
				ALWAYS_EMBED_SWIFT_STANDARD_LIBRARIES = YES;
				CODE_SIGN_STYLE = Automatic;
				CURRENT_PROJECT_VERSION = 1;
				GENERATE_INFOPLIST_FILE = YES;
				MARKETING_VERSION = 1.0;
				PRODUCT_BUNDLE_IDENTIFIER = com.LawPavillion.LawPavillionAppUITests;
				PRODUCT_NAME = "$(TARGET_NAME)";
				SWIFT_EMIT_LOC_STRINGS = NO;
				SWIFT_VERSION = 5.0;
				TARGETED_DEVICE_FAMILY = "1,2";
				TEST_TARGET_NAME = LawPavillionApp;
			};
			name = Release;
		};
/* End XCBuildConfiguration section */

/* Begin XCConfigurationList section */
		1876A6D5282D0B4E0012A2F4 /* Build configuration list for PBXProject "LawPavillionApp" */ = {
			isa = XCConfigurationList;
			buildConfigurations = (
				1876A702282D0B510012A2F4 /* Debug */,
				1876A703282D0B510012A2F4 /* Release */,
			);
			defaultConfigurationIsVisible = 0;
			defaultConfigurationName = Release;
		};
		1876A704282D0B510012A2F4 /* Build configuration list for PBXNativeTarget "LawPavillionApp" */ = {
			isa = XCConfigurationList;
			buildConfigurations = (
				1876A705282D0B510012A2F4 /* Debug */,
				1876A706282D0B510012A2F4 /* Release */,
			);
			defaultConfigurationIsVisible = 0;
			defaultConfigurationName = Release;
		};
		1876A707282D0B510012A2F4 /* Build configuration list for PBXNativeTarget "LawPavillionAppTests" */ = {
			isa = XCConfigurationList;
			buildConfigurations = (
				1876A708282D0B510012A2F4 /* Debug */,
				1876A709282D0B510012A2F4 /* Release */,
			);
			defaultConfigurationIsVisible = 0;
			defaultConfigurationName = Release;
		};
		1876A70A282D0B510012A2F4 /* Build configuration list for PBXNativeTarget "LawPavillionAppUITests" */ = {
			isa = XCConfigurationList;
			buildConfigurations = (
				1876A70B282D0B510012A2F4 /* Debug */,
				1876A70C282D0B510012A2F4 /* Release */,
			);
			defaultConfigurationIsVisible = 0;
			defaultConfigurationName = Release;
		};
/* End XCConfigurationList section */
	};
	rootObject = 1876A6D2282D0B4E0012A2F4 /* Project object */;
}
